# This file is automatically @generated by Cargo.
# It is not intended for manual editing.
[[package]]
name = "aho-corasick"
version = "0.7.6"
source = "registry+https://github.com/rust-lang/crates.io-index"
checksum = "58fb5e95d83b38284460a5fda7d6470aa0b8844d283a0b614b8535e880800d2d"
dependencies = [
 "memchr",
]

[[package]]
name = "api"
version = "0.1.0"
dependencies = [
 "juniper",
]

[[package]]
name = "autocfg"
version = "1.0.0"
source = "registry+https://github.com/rust-lang/crates.io-index"
checksum = "f8aac770f1885fd7e387acedd76065302551364496e46b3dd00860b2f8359b9d"

[[package]]
name = "chrono"
version = "0.4.10"
source = "registry+https://github.com/rust-lang/crates.io-index"
checksum = "31850b4a4d6bae316f7a09e691c944c28299298837edc0a03f755618c23cbc01"
dependencies = [
 "num-integer",
 "num-traits",
 "time",
]

[[package]]
name = "fnv"
version = "1.0.6"
source = "registry+https://github.com/rust-lang/crates.io-index"
checksum = "2fad85553e09a6f881f739c29f0b00b0f01357c743266d478b68951ce23285f3"

[[package]]
name = "idna"
version = "0.1.5"
source = "registry+https://github.com/rust-lang/crates.io-index"
checksum = "38f09e0f0b1fb55fdee1f17470ad800da77af5186a1a76c026b679358b7e844e"
dependencies = [
 "matches",
 "unicode-bidi",
 "unicode-normalization",
]

[[package]]
name = "indexmap"
version = "1.3.1"
source = "registry+https://github.com/rust-lang/crates.io-index"
checksum = "0b54058f0a6ff80b6803da8faf8997cde53872b38f4023728f6830b06cd3c0dc"
dependencies = [
 "autocfg",
 "serde",
]

[[package]]
name = "juniper"
version = "0.11.1"
source = "registry+https://github.com/rust-lang/crates.io-index"
checksum = "d95deabb0bc5e15f508d48017b3791502e734a3d64c261d8ef9658899f04f351"
dependencies = [
 "chrono",
 "fnv",
 "indexmap",
 "juniper_codegen",
 "serde",
 "serde_derive",
 "url",
 "uuid",
]

[[package]]
name = "juniper_codegen"
version = "0.11.1"
source = "registry+https://github.com/rust-lang/crates.io-index"
checksum = "f787e228fc7df6061a0b9474dc0223199c7b917a3fe2ba874272b077a1c8a46b"
dependencies = [
 "lazy_static",
 "proc-macro2 0.4.30",
 "quote 0.6.13",
 "regex",
 "syn 0.14.9",
]

[[package]]
name = "lazy_static"
version = "1.4.0"
source = "registry+https://github.com/rust-lang/crates.io-index"
checksum = "e2abad23fbc42b3700f2f279844dc832adb2b2eb069b2df918f455c4e18cc646"

[[package]]
name = "libc"
version = "0.2.66"
source = "registry+https://github.com/rust-lang/crates.io-index"
checksum = "d515b1f41455adea1313a4a2ac8a8a477634fbae63cc6100e3aebb207ce61558"

[[package]]
name = "matches"
version = "0.1.8"
source = "registry+https://github.com/rust-lang/crates.io-index"
checksum = "7ffc5c5338469d4d3ea17d269fa8ea3512ad247247c30bd2df69e68309ed0a08"

[[package]]
name = "memchr"
version = "2.3.0"
source = "registry+https://github.com/rust-lang/crates.io-index"
checksum = "3197e20c7edb283f87c071ddfc7a2cca8f8e0b888c242959846a6fce03c72223"

[[package]]
name = "num-integer"
version = "0.1.42"
source = "registry+https://github.com/rust-lang/crates.io-index"
checksum = "3f6ea62e9d81a77cd3ee9a2a5b9b609447857f3d358704331e4ef39eb247fcba"
dependencies = [
 "autocfg",
 "num-traits",
]

[[package]]
name = "num-traits"
version = "0.2.11"
source = "registry+https://github.com/rust-lang/crates.io-index"
checksum = "c62be47e61d1842b9170f0fdeec8eba98e60e90e5446449a0545e5152acd7096"
dependencies = [
 "autocfg",
]

[[package]]
name = "percent-encoding"
version = "1.0.1"
source = "registry+https://github.com/rust-lang/crates.io-index"
checksum = "31010dd2e1ac33d5b46a5b413495239882813e0369f8ed8a5e266f173602f831"

[[package]]
name = "proc-macro2"
version = "0.4.30"
source = "registry+https://github.com/rust-lang/crates.io-index"
checksum = "cf3d2011ab5c909338f7887f4fc896d35932e29146c12c8d01da6b22a80ba759"
dependencies = [
 "unicode-xid 0.1.0",
]

[[package]]
name = "proc-macro2"
version = "1.0.7"
source = "registry+https://github.com/rust-lang/crates.io-index"
checksum = "0319972dcae462681daf4da1adeeaa066e3ebd29c69be96c6abb1259d2ee2bcc"
dependencies = [
 "unicode-xid 0.2.0",
]

[[package]]
name = "quote"
version = "0.6.13"
source = "registry+https://github.com/rust-lang/crates.io-index"
checksum = "6ce23b6b870e8f94f81fb0a363d65d86675884b34a09043c81e5562f11c1f8e1"
dependencies = [
 "proc-macro2 0.4.30",
]

[[package]]
name = "quote"
version = "1.0.2"
source = "registry+https://github.com/rust-lang/crates.io-index"
checksum = "053a8c8bcc71fcce321828dc897a98ab9760bef03a4fc36693c231e5b3216cfe"
dependencies = [
 "proc-macro2 1.0.7",
]

[[package]]
name = "redox_syscall"
version = "0.1.56"
source = "registry+https://github.com/rust-lang/crates.io-index"
checksum = "2439c63f3f6139d1b57529d16bc3b8bb855230c8efcc5d3a896c8bea7c3b1e84"

[[package]]
name = "regex"
version = "1.3.3"
source = "registry+https://github.com/rust-lang/crates.io-index"
checksum = "b5508c1941e4e7cb19965abef075d35a9a8b5cdf0846f30b4050e9b55dc55e87"
dependencies = [
 "aho-corasick",
 "memchr",
 "regex-syntax",
 "thread_local",
]

[[package]]
name = "regex-syntax"
version = "0.6.13"
source = "registry+https://github.com/rust-lang/crates.io-index"
checksum = "e734e891f5b408a29efbf8309e656876276f49ab6a6ac208600b4419bd893d90"

[[package]]
name = "serde"
version = "1.0.104"
source = "registry+https://github.com/rust-lang/crates.io-index"
checksum = "414115f25f818d7dfccec8ee535d76949ae78584fc4f79a6f45a904bf8ab4449"

[[package]]
name = "serde_derive"
version = "1.0.104"
source = "registry+https://github.com/rust-lang/crates.io-index"
checksum = "128f9e303a5a29922045a830221b8f78ec74a5f544944f3d5984f8ec3895ef64"
dependencies = [
 "proc-macro2 1.0.7",
 "quote 1.0.2",
 "syn 1.0.13",
]

[[package]]
name = "smallvec"
version = "1.1.0"
source = "registry+https://github.com/rust-lang/crates.io-index"
checksum = "44e59e0c9fa00817912ae6e4e6e3c4fe04455e75699d06eedc7d85917ed8e8f4"

[[package]]
name = "syn"
version = "0.14.9"
source = "registry+https://github.com/rust-lang/crates.io-index"
checksum = "261ae9ecaa397c42b960649561949d69311f08eeaea86a65696e6e46517cf741"
dependencies = [
 "proc-macro2 0.4.30",
 "quote 0.6.13",
 "unicode-xid 0.1.0",
]

[[package]]
name = "syn"
version = "1.0.13"
source = "registry+https://github.com/rust-lang/crates.io-index"
checksum = "1e4ff033220a41d1a57d8125eab57bf5263783dfdcc18688b1dacc6ce9651ef8"
dependencies = [
 "proc-macro2 1.0.7",
 "quote 1.0.2",
 "unicode-xid 0.2.0",
]

[[package]]
name = "thread_local"
version = "1.0.1"
source = "registry+https://github.com/rust-lang/crates.io-index"
checksum = "d40c6d1b69745a6ec6fb1ca717914848da4b44ae29d9b3080cbee91d72a69b14"
dependencies = [
 "lazy_static",
]

[[package]]
name = "time"
version = "0.1.42"
source = "registry+https://github.com/rust-lang/crates.io-index"
checksum = "db8dcfca086c1143c9270ac42a2bbd8a7ee477b78ac8e45b19abfb0cbede4b6f"
dependencies = [
 "libc",
 "redox_syscall",
 "winapi",
]

[[package]]
name = "unicode-bidi"
version = "0.3.4"
source = "registry+https://github.com/rust-lang/crates.io-index"
checksum = "49f2bd0c6468a8230e1db229cff8029217cf623c767ea5d60bfbd42729ea54d5"
dependencies = [
 "matches",
]

[[package]]
name = "unicode-normalization"
version = "0.1.11"
source = "registry+https://github.com/rust-lang/crates.io-index"
checksum = "b561e267b2326bb4cebfc0ef9e68355c7abe6c6f522aeac2f5bf95d56c59bdcf"
dependencies = [
 "smallvec",
]

[[package]]
name = "unicode-xid"
version = "0.1.0"
source = "registry+https://github.com/rust-lang/crates.io-index"
checksum = "fc72304796d0818e357ead4e000d19c9c174ab23dc11093ac919054d20a6a7fc"

[[package]]
name = "unicode-xid"
version = "0.2.0"
source = "registry+https://github.com/rust-lang/crates.io-index"
checksum = "826e7639553986605ec5979c7dd957c7895e93eabed50ab2ffa7f6128a75097c"

[[package]]
name = "url"
version = "1.7.2"
source = "registry+https://github.com/rust-lang/crates.io-index"
checksum = "dd4e7c0d531266369519a4aa4f399d748bd37043b00bde1e4ff1f60a120b355a"
dependencies = [
 "idna",
 "matches",
 "percent-encoding",
]

[[package]]
name = "uuid"
version = "0.7.4"
source = "registry+https://github.com/rust-lang/crates.io-index"
checksum = "90dbc611eb48397705a6b0f6e917da23ae517e4d127123d2cf7674206627d32a"

[[package]]
name = "winapi"
version = "0.3.8"
source = "registry+https://github.com/rust-lang/crates.io-index"
checksum = "8093091eeb260906a183e6ae1abdba2ef5ef2257a21801128899c3fc699229c6"
dependencies = [
 "winapi-i686-pc-windows-gnu",
 "winapi-x86_64-pc-windows-gnu",
]

[[package]]
name = "winapi-i686-pc-windows-gnu"
version = "0.4.0"
source = "registry+https://github.com/rust-lang/crates.io-index"
checksum = "ac3b87c63620426dd9b991e5ce0329eff545bccbbb34f3be09ff6fb6ab51b7b6"

[[package]]
name = "winapi-x86_64-pc-windows-gnu"
version = "0.4.0"
source = "registry+https://github.com/rust-lang/crates.io-index"
checksum = "712e227841d057c1ee1cd2fb22fa7e5a5461ae8e48fa2ca79ec42cfc1931183f"
